
Microsoft Visual Studio Solution File, Format Version 12.00
# Visual Studio Version 17
VisualStudioVersion = 17.14.36221.1
MinimumVisualStudioVersion = 10.0.40219.1
Project("{FAE04EC0-301F-11D3-BF4B-00C04F79EFBC}") = "ITP-236", "ITP-236\ITP-236.csproj", "{FE776264-CAC8-4BDB-AC82-F20D5902C455}"
EndProject
Project("{FAE04EC0-301F-11D3-BF4B-00C04F79EFBC}") = "Week 4 CW", "Week 4 CW\Week 4 CW.csproj", "{FEF0CDE6-D2CC-47D5-903F-B9AC35FCD90A}"
EndProject
Project("{FAE04EC0-301F-11D3-BF4B-00C04F79EFBC}") = "OOP Assignment", "OOP Assignment\OOP Assignment.csproj", "{5DFC2AE4-DDF9-4B00-8639-CC4C69063D8A}"
EndProject
Project("{FAE04EC0-301F-11D3-BF4B-00C04F79EFBC}") = "Collections Assignment", "Collections Assignment\Collections Assignment.csproj", "{F74082D0-C412-474F-BFF3-A3AA378CAD1E}"
EndProject
Project("{FAE04EC0-301F-11D3-BF4B-00C04F79EFBC}") = "EID CW", "EID\EID CW.csproj", "{33E5A595-0B31-413C-990E-7791096494D5}"
EndProject
Project("{FAE04EC0-301F-11D3-BF4B-00C04F79EFBC}") = "EID Assignment", "EID Assignment\EID Assignment.csproj", "{8215621B-ED5A-4875-AA02-01D604507DFC}"
EndProject
Project("{FAE04EC0-301F-11D3-BF4B-00C04F79EFBC}") = "LINQ CW 1", "LINQ CW 1\LINQ CW 1.csproj", "{325110D9-AA75-4427-B0B4-4EF69F923A50}"
EndProject
Project("{FAE04EC0-301F-11D3-BF4B-00C04F79EFBC}") = "LINQ 1 Assignment", "LINQ 1 Assignment\LINQ 1 Assignment.csproj", "{EB6011C5-9A53-4250-91D9-C3BED3494886}"
EndProject
Project("{FAE04EC0-301F-11D3-BF4B-00C04F79EFBC}") = "ThinqLinqProject", "ThinqLinqProject\ThinqLinqProject.csproj", "{111D066A-BB05-4A79-A31E-8223B0054DE1}"
EndProject
Project("{FAE04EC0-301F-11D3-BF4B-00C04F79EFBC}") = "Sports Model Assignment", "Sports Model Assignment\Sports Model Assignment.csproj", "{CD76DE16-CF7D-4CEE-A41D-756F8C901BEA}"
EndProject
Project("{FAE04EC0-301F-11D3-BF4B-00C04F79EFBC}") = "EF Core App", "EF Core 1\EF Core App.csproj", "{1DC0421E-345B-4A07-9AE3-D863A4256D9F}"
EndProject
Project("{FAE04EC0-301F-11D3-BF4B-00C04F79EFBC}") = "EF Core Model", "EF Core Model\EF Core Model.csproj", "{3D9E58C0-FE9E-4878-BA3D-FFF0915E2B3C}"
EndProject
Global
	GlobalSection(SolutionConfigurationPlatforms) = preSolution
		Debug|Any CPU = Debug|Any CPU
		Release|Any CPU = Release|Any CPU
	EndGlobalSection
	GlobalSection(ProjectConfigurationPlatforms) = postSolution
		{FE776264-CAC8-4BDB-AC82-F20D5902C455}.Debug|Any CPU.ActiveCfg = Debug|Any CPU
		{FE776264-CAC8-4BDB-AC82-F20D5902C455}.Debug|Any CPU.Build.0 = Debug|Any CPU
		{FE776264-CAC8-4BDB-AC82-F20D5902C455}.Release|Any CPU.ActiveCfg = Release|Any CPU
		{FE776264-CAC8-4BDB-AC82-F20D5902C455}.Release|Any CPU.Build.0 = Release|Any CPU
		{FEF0CDE6-D2CC-47D5-903F-B9AC35FCD90A}.Debug|Any CPU.ActiveCfg = Debug|Any CPU
		{FEF0CDE6-D2CC-47D5-903F-B9AC35FCD90A}.Debug|Any CPU.Build.0 = Debug|Any CPU
		{FEF0CDE6-D2CC-47D5-903F-B9AC35FCD90A}.Release|Any CPU.ActiveCfg = Release|Any CPU
		{FEF0CDE6-D2CC-47D5-903F-B9AC35FCD90A}.Release|Any CPU.Build.0 = Release|Any CPU
		{5DFC2AE4-DDF9-4B00-8639-CC4C69063D8A}.Debug|Any CPU.ActiveCfg = Debug|Any CPU
		{5DFC2AE4-DDF9-4B00-8639-CC4C69063D8A}.Debug|Any CPU.Build.0 = Debug|Any CPU
		{5DFC2AE4-DDF9-4B00-8639-CC4C69063D8A}.Release|Any CPU.ActiveCfg = Release|Any CPU
		{5DFC2AE4-DDF9-4B00-8639-CC4C69063D8A}.Release|Any CPU.Build.0 = Release|Any CPU
		{F74082D0-C412-474F-BFF3-A3AA378CAD1E}.Debug|Any CPU.ActiveCfg = Debug|Any CPU
		{F74082D0-C412-474F-BFF3-A3AA378CAD1E}.Debug|Any CPU.Build.0 = Debug|Any CPU
		{F74082D0-C412-474F-BFF3-A3AA378CAD1E}.Release|Any CPU.ActiveCfg = Release|Any CPU
		{F74082D0-C412-474F-BFF3-A3AA378CAD1E}.Release|Any CPU.Build.0 = Release|Any CPU
		{33E5A595-0B31-413C-990E-7791096494D5}.Debug|Any CPU.ActiveCfg = Debug|Any CPU
		{33E5A595-0B31-413C-990E-7791096494D5}.Debug|Any CPU.Build.0 = Debug|Any CPU
		{33E5A595-0B31-413C-990E-7791096494D5}.Release|Any CPU.ActiveCfg = Release|Any CPU
		{33E5A595-0B31-413C-990E-7791096494D5}.Release|Any CPU.Build.0 = Release|Any CPU
		{8215621B-ED5A-4875-AA02-01D604507DFC}.Debug|Any CPU.ActiveCfg = Debug|Any CPU
		{8215621B-ED5A-4875-AA02-01D604507DFC}.Debug|Any CPU.Build.0 = Debug|Any CPU
		{8215621B-ED5A-4875-AA02-01D604507DFC}.Release|Any CPU.ActiveCfg = Release|Any CPU
		{8215621B-ED5A-4875-AA02-01D604507DFC}.Release|Any CPU.Build.0 = Release|Any CPU
		{325110D9-AA75-4427-B0B4-4EF69F923A50}.Debug|Any CPU.ActiveCfg = Debug|Any CPU
		{325110D9-AA75-4427-B0B4-4EF69F923A50}.Debug|Any CPU.Build.0 = Debug|Any CPU
		{325110D9-AA75-4427-B0B4-4EF69F923A50}.Release|Any CPU.ActiveCfg = Release|Any CPU
		{325110D9-AA75-4427-B0B4-4EF69F923A50}.Release|Any CPU.Build.0 = Release|Any CPU
		{EB6011C5-9A53-4250-91D9-C3BED3494886}.Debug|Any CPU.ActiveCfg = Debug|Any CPU
		{EB6011C5-9A53-4250-91D9-C3BED3494886}.Debug|Any CPU.Build.0 = Debug|Any CPU
		{EB6011C5-9A53-4250-91D9-C3BED3494886}.Release|Any CPU.ActiveCfg = Release|Any CPU
		{EB6011C5-9A53-4250-91D9-C3BED3494886}.Release|Any CPU.Build.0 = Release|Any CPU
		{111D066A-BB05-4A79-A31E-8223B0054DE1}.Debug|Any CPU.ActiveCfg = Debug|Any CPU
		{111D066A-BB05-4A79-A31E-8223B0054DE1}.Debug|Any CPU.Build.0 = Debug|Any CPU
		{111D066A-BB05-4A79-A31E-8223B0054DE1}.Release|Any CPU.ActiveCfg = Release|Any CPU
		{111D066A-BB05-4A79-A31E-8223B0054DE1}.Release|Any CPU.Build.0 = Release|Any CPU
		{CD76DE16-CF7D-4CEE-A41D-756F8C901BEA}.Debug|Any CPU.ActiveCfg = Debug|Any CPU
		{CD76DE16-CF7D-4CEE-A41D-756F8C901BEA}.Debug|Any CPU.Build.0 = Debug|Any CPU
		{CD76DE16-CF7D-4CEE-A41D-756F8C901BEA}.Release|Any CPU.ActiveCfg = Release|Any CPU
		{CD76DE16-CF7D-4CEE-A41D-756F8C901BEA}.Release|Any CPU.Build.0 = Release|Any CPU
		{1DC0421E-345B-4A07-9AE3-D863A4256D9F}.Debug|Any CPU.ActiveCfg = Debug|Any CPU
		{1DC0421E-345B-4A07-9AE3-D863A4256D9F}.Debug|Any CPU.Build.0 = Debug|Any CPU
		{1DC0421E-345B-4A07-9AE3-D863A4256D9F}.Release|Any CPU.ActiveCfg = Release|Any CPU
		{1DC0421E-345B-4A07-9AE3-D863A4256D9F}.Release|Any CPU.Build.0 = Release|Any CPU
		{3D9E58C0-FE9E-4878-BA3D-FFF0915E2B3C}.Debug|Any CPU.ActiveCfg = Debug|Any CPU
		{3D9E58C0-FE9E-4878-BA3D-FFF0915E2B3C}.Debug|Any CPU.Build.0 = Debug|Any CPU
		{3D9E58C0-FE9E-4878-BA3D-FFF0915E2B3C}.Release|Any CPU.ActiveCfg = Release|Any CPU
		{3D9E58C0-FE9E-4878-BA3D-FFF0915E2B3C}.Release|Any CPU.Build.0 = Release|Any CPU
	EndGlobalSection
	GlobalSection(SolutionProperties) = preSolution
		HideSolutionNode = FALSE
	EndGlobalSection
	GlobalSection(ExtensibilityGlobals) = postSolution
		SolutionGuid = {51F26C9B-A63D-4C0A-BA3E-115EFE770B57}
	EndGlobalSection
EndGlobal
